
Microsoft Visual Studio Solution File, Format Version 12.00
# Visual Studio Version 16
VisualStudioVersion = 16.0.30611.23
MinimumVisualStudioVersion = 10.0.40219.1
Project("{9A19103F-16F7-4668-BE54-9A1E7A4F7556}") = "classBoxData", "classBoxData\classBoxData.csproj", "{6F3F1B98-3CFC-4818-9A80-B2CEAD46F59A}"
EndProject
Project("{9A19103F-16F7-4668-BE54-9A1E7A4F7556}") = "AnimalFarm", "AnimalFarm\AnimalFarm\AnimalFarm.csproj", "{A2E3FBFD-18F7-4A77-95A1-C84B08DFC4BC}"
EndProject
Project("{9A19103F-16F7-4668-BE54-9A1E7A4F7556}") = "shoppingSpree", "shoppingSpree\shoppingSpree.csproj", "{377C8ADE-402B-45C7-9BBA-1793FFDBDE19}"
EndProject
Project("{9A19103F-16F7-4668-BE54-9A1E7A4F7556}") = "05.PizzaCalories", "pizzaCalories\05.PizzaCalories.csproj", "{BB3A8BCC-0D05-42DF-87DF-01EDB4F7622D}"
EndProject
Global
	GlobalSection(SolutionConfigurationPlatforms) = preSolution
		Debug|Any CPU = Debug|Any CPU
		Release|Any CPU = Release|Any CPU
	EndGlobalSection
	GlobalSection(ProjectConfigurationPlatforms) = postSolution
		{6F3F1B98-3CFC-4818-9A80-B2CEAD46F59A}.Debug|Any CPU.ActiveCfg = Debug|Any CPU
		{6F3F1B98-3CFC-4818-9A80-B2CEAD46F59A}.Debug|Any CPU.Build.0 = Debug|Any CPU
		{6F3F1B98-3CFC-4818-9A80-B2CEAD46F59A}.Release|Any CPU.ActiveCfg = Release|Any CPU
		{6F3F1B98-3CFC-4818-9A80-B2CEAD46F59A}.Release|Any CPU.Build.0 = Release|Any CPU
		{A2E3FBFD-18F7-4A77-95A1-C84B08DFC4BC}.Debug|Any CPU.ActiveCfg = Debug|Any CPU
		{A2E3FBFD-18F7-4A77-95A1-C84B08DFC4BC}.Debug|Any CPU.Build.0 = Debug|Any CPU
		{A2E3FBFD-18F7-4A77-95A1-C84B08DFC4BC}.Release|Any CPU.ActiveCfg = Release|Any CPU
		{A2E3FBFD-18F7-4A77-95A1-C84B08DFC4BC}.Release|Any CPU.Build.0 = Release|Any CPU
		{377C8ADE-402B-45C7-9BBA-1793FFDBDE19}.Debug|Any CPU.ActiveCfg = Debug|Any CPU
		{377C8ADE-402B-45C7-9BBA-1793FFDBDE19}.Debug|Any CPU.Build.0 = Debug|Any CPU
		{377C8ADE-402B-45C7-9BBA-1793FFDBDE19}.Release|Any CPU.ActiveCfg = Release|Any CPU
		{377C8ADE-402B-45C7-9BBA-1793FFDBDE19}.Release|Any CPU.Build.0 = Release|Any CPU
		{BB3A8BCC-0D05-42DF-87DF-01EDB4F7622D}.Debug|Any CPU.ActiveCfg = Debug|Any CPU
		{BB3A8BCC-0D05-42DF-87DF-01EDB4F7622D}.Debug|Any CPU.Build.0 = Debug|Any CPU
		{BB3A8BCC-0D05-42DF-87DF-01EDB4F7622D}.Release|Any CPU.ActiveCfg = Release|Any CPU
		{BB3A8BCC-0D05-42DF-87DF-01EDB4F7622D}.Release|Any CPU.Build.0 = Release|Any CPU
	EndGlobalSection
	GlobalSection(SolutionProperties) = preSolution
		HideSolutionNode = FALSE
	EndGlobalSection
	GlobalSection(ExtensibilityGlobals) = postSolution
		SolutionGuid = {C1B4A175-B71E-4059-84E2-DCD71819F6A6}
	EndGlobalSection
EndGlobal
