
Microsoft Visual Studio Solution File, Format Version 12.00
# Visual Studio Version 16
VisualStudioVersion = 16.0.30621.155
MinimumVisualStudioVersion = 10.0.40219.1
Project("{FAE04EC0-301F-11D3-BF4B-00C04F79EFBC}") = "vehicles", "vehicles\vehicles.csproj", "{4A61B88A-33E9-4253-9552-B2C33DFA9AE6}"
EndProject
Global
	GlobalSection(SolutionConfigurationPlatforms) = preSolution
		Debug|Any CPU = Debug|Any CPU
		Release|Any CPU = Release|Any CPU
	EndGlobalSection
	GlobalSection(ProjectConfigurationPlatforms) = postSolution
		{4A61B88A-33E9-4253-9552-B2C33DFA9AE6}.Debug|Any CPU.ActiveCfg = Debug|Any CPU
		{4A61B88A-33E9-4253-9552-B2C33DFA9AE6}.Debug|Any CPU.Build.0 = Debug|Any CPU
		{4A61B88A-33E9-4253-9552-B2C33DFA9AE6}.Release|Any CPU.ActiveCfg = Release|Any CPU
		{4A61B88A-33E9-4253-9552-B2C33DFA9AE6}.Release|Any CPU.Build.0 = Release|Any CPU
	EndGlobalSection
	GlobalSection(SolutionProperties) = preSolution
		HideSolutionNode = FALSE
	EndGlobalSection
	GlobalSection(ExtensibilityGlobals) = postSolution
		SolutionGuid = {D5DBD6DC-F74A-4707-9202-6CAA9E7DA05B}
	EndGlobalSection
EndGlobal
